// !$*UTF8*$!
{
	archiveVersion = 1;
	classes = {
	};
	objectVersion = 56;
	objects = {

/* Begin PBXBuildFile section */
		80B5E1532A3EE90B00C40B76 /* SwiftUI_MovieDB_App.swift in Sources */ = {isa = PBXBuildFile; fileRef = 80B5E1522A3EE90B00C40B76 /* SwiftUI_MovieDB_App.swift */; };
		80B5E1572A3EE90C00C40B76 /* Assets.xcassets in Resources */ = {isa = PBXBuildFile; fileRef = 80B5E1562A3EE90C00C40B76 /* Assets.xcassets */; };
		80B5E15A2A3EE90C00C40B76 /* Preview Assets.xcassets in Resources */ = {isa = PBXBuildFile; fileRef = 80B5E1592A3EE90C00C40B76 /* Preview Assets.xcassets */; };
		80B5E1672A3EE9C300C40B76 /* URL+QueryParams.swift in Sources */ = {isa = PBXBuildFile; fileRef = 80B5E1662A3EE9C300C40B76 /* URL+QueryParams.swift */; };
		80B5E1692A3EE9FB00C40B76 /* MovieAPIService.swift in Sources */ = {isa = PBXBuildFile; fileRef = 80B5E1682A3EE9FB00C40B76 /* MovieAPIService.swift */; };
		80B5E16B2A3EEA3500C40B76 /* APIEndpoint.swift in Sources */ = {isa = PBXBuildFile; fileRef = 80B5E16A2A3EEA3500C40B76 /* APIEndpoint.swift */; };
		80B5E16D2A3EEA4F00C40B76 /* APIError.swift in Sources */ = {isa = PBXBuildFile; fileRef = 80B5E16C2A3EEA4F00C40B76 /* APIError.swift */; };
		80B5E16F2A3EEA6B00C40B76 /* MovieRepository.swift in Sources */ = {isa = PBXBuildFile; fileRef = 80B5E16E2A3EEA6B00C40B76 /* MovieRepository.swift */; };
		80B5E1712A3EEAB200C40B76 /* Movie.swift in Sources */ = {isa = PBXBuildFile; fileRef = 80B5E1702A3EEAB200C40B76 /* Movie.swift */; };
		80B5E1732A3EEAEF00C40B76 /* MovieListViewModel.swift in Sources */ = {isa = PBXBuildFile; fileRef = 80B5E1722A3EEAEF00C40B76 /* MovieListViewModel.swift */; };
		80B5E1752A3EEB0B00C40B76 /* MovieListView.swift in Sources */ = {isa = PBXBuildFile; fileRef = 80B5E1742A3EEB0B00C40B76 /* MovieListView.swift */; };
		80B5E1772A3EEB1600C40B76 /* MovieDetailsView.swift in Sources */ = {isa = PBXBuildFile; fileRef = 80B5E1762A3EEB1600C40B76 /* MovieDetailsView.swift */; };
		80B5E17A2A3EEBB900C40B76 /* SDWebImageSwiftUI in Frameworks */ = {isa = PBXBuildFile; productRef = 80B5E1792A3EEBB900C40B76 /* SDWebImageSwiftUI */; };
/* End PBXBuildFile section */

/* Begin PBXFileReference section */
		80B5E14F2A3EE90B00C40B76 /* PopularMovies.app */ = {isa = PBXFileReference; explicitFileType = wrapper.application; includeInIndex = 0; path = PopularMovies.app; sourceTree = BUILT_PRODUCTS_DIR; };
		80B5E1522A3EE90B00C40B76 /* SwiftUI_MovieDB_App.swift */ = {isa = PBXFileReference; lastKnownFileType = sourcecode.swift; path = SwiftUI_MovieDB_App.swift; sourceTree = "<group>"; };
		80B5E1562A3EE90C00C40B76 /* Assets.xcassets */ = {isa = PBXFileReference; lastKnownFileType = folder.assetcatalog; path = Assets.xcassets; sourceTree = "<group>"; };
		80B5E1592A3EE90C00C40B76 /* Preview Assets.xcassets */ = {isa = PBXFileReference; lastKnownFileType = folder.assetcatalog; path = "Preview Assets.xcassets"; sourceTree = "<group>"; };
		80B5E1662A3EE9C300C40B76 /* URL+QueryParams.swift */ = {isa = PBXFileReference; lastKnownFileType = sourcecode.swift; path = "URL+QueryParams.swift"; sourceTree = "<group>"; };
		80B5E1682A3EE9FB00C40B76 /* MovieAPIService.swift */ = {isa = PBXFileReference; lastKnownFileType = sourcecode.swift; path = MovieAPIService.swift; sourceTree = "<group>"; };
		80B5E16A2A3EEA3500C40B76 /* APIEndpoint.swift */ = {isa = PBXFileReference; lastKnownFileType = sourcecode.swift; path = APIEndpoint.swift; sourceTree = "<group>"; };
		80B5E16C2A3EEA4F00C40B76 /* APIError.swift */ = {isa = PBXFileReference; lastKnownFileType = sourcecode.swift; path = APIError.swift; sourceTree = "<group>"; };
		80B5E16E2A3EEA6B00C40B76 /* MovieRepository.swift */ = {isa = PBXFileReference; lastKnownFileType = sourcecode.swift; path = MovieRepository.swift; sourceTree = "<group>"; };
		80B5E1702A3EEAB200C40B76 /* Movie.swift */ = {isa = PBXFileReference; lastKnownFileType = sourcecode.swift; path = Movie.swift; sourceTree = "<group>"; };
		80B5E1722A3EEAEF00C40B76 /* MovieListViewModel.swift */ = {isa = PBXFileReference; lastKnownFileType = sourcecode.swift; path = MovieListViewModel.swift; sourceTree = "<group>"; };
		80B5E1742A3EEB0B00C40B76 /* MovieListView.swift */ = {isa = PBXFileReference; lastKnownFileType = sourcecode.swift; path = MovieListView.swift; sourceTree = "<group>"; };
		80B5E1762A3EEB1600C40B76 /* MovieDetailsView.swift */ = {isa = PBXFileReference; lastKnownFileType = sourcecode.swift; path = MovieDetailsView.swift; sourceTree = "<group>"; };
		80B5E17C2A3F086B00C40B76 /* Info.plist */ = {isa = PBXFileReference; lastKnownFileType = text.plist; path = Info.plist; sourceTree = "<group>"; };
/* End PBXFileReference section */

/* Begin PBXFrameworksBuildPhase section */
		80B5E14C2A3EE90B00C40B76 /* Frameworks */ = {
			isa = PBXFrameworksBuildPhase;
			buildActionMask = 2147483647;
			files = (
				80B5E17A2A3EEBB900C40B76 /* SDWebImageSwiftUI in Frameworks */,
			);
			runOnlyForDeploymentPostprocessing = 0;
		};
/* End PBXFrameworksBuildPhase section */

/* Begin PBXGroup section */
		80B5E1462A3EE90B00C40B76 = {
			isa = PBXGroup;
			children = (
				80B5E1512A3EE90B00C40B76 /* PopularMovies */,
				80B5E1502A3EE90B00C40B76 /* Products */,
			);
			sourceTree = "<group>";
		};
		80B5E1502A3EE90B00C40B76 /* Products */ = {
			isa = PBXGroup;
			children = (
				80B5E14F2A3EE90B00C40B76 /* PopularMovies.app */,
			);
			name = Products;
			sourceTree = "<group>";
		};
		80B5E1512A3EE90B00C40B76 /* PopularMovies */ = {
			isa = PBXGroup;
			children = (
				80B5E1602A3EE93000C40B76 /* View */,
				80B5E1612A3EE93700C40B76 /* ViewModel */,
				80B5E1622A3EE94F00C40B76 /* Model */,
				80B5E1642A3EE96800C40B76 /* Network */,
				80B5E17B2A3F06C300C40B76 /* Respositories */,
				80B5E1632A3EE95800C40B76 /* Extensions */,
				80B5E1522A3EE90B00C40B76 /* SwiftUI_MovieDB_App.swift */,
				80B5E17C2A3F086B00C40B76 /* Info.plist */,
				80B5E1562A3EE90C00C40B76 /* Assets.xcassets */,
				80B5E1582A3EE90C00C40B76 /* Preview Content */,
			);
			path = PopularMovies;
			sourceTree = "<group>";
		};
		80B5E1582A3EE90C00C40B76 /* Preview Content */ = {
			isa = PBXGroup;
			children = (
				80B5E1592A3EE90C00C40B76 /* Preview Assets.xcassets */,
			);
			path = "Preview Content";
			sourceTree = "<group>";
		};
		80B5E1602A3EE93000C40B76 /* View */ = {
			isa = PBXGroup;
			children = (
				80B5E1742A3EEB0B00C40B76 /* MovieListView.swift */,
				80B5E1762A3EEB1600C40B76 /* MovieDetailsView.swift */,
			);
			path = View;
			sourceTree = "<group>";
		};
		80B5E1612A3EE93700C40B76 /* ViewModel */ = {
			isa = PBXGroup;
			children = (
				80B5E1722A3EEAEF00C40B76 /* MovieListViewModel.swift */,
			);
			path = ViewModel;
			sourceTree = "<group>";
		};
		80B5E1622A3EE94F00C40B76 /* Model */ = {
			isa = PBXGroup;
			children = (
				80B5E1702A3EEAB200C40B76 /* Movie.swift */,
			);
			path = Model;
			sourceTree = "<group>";
		};
		80B5E1632A3EE95800C40B76 /* Extensions */ = {
			isa = PBXGroup;
			children = (
				80B5E1662A3EE9C300C40B76 /* URL+QueryParams.swift */,
			);
			path = Extensions;
			sourceTree = "<group>";
		};
		80B5E1642A3EE96800C40B76 /* Network */ = {
			isa = PBXGroup;
			children = (
				80B5E1682A3EE9FB00C40B76 /* MovieAPIService.swift */,
				80B5E16A2A3EEA3500C40B76 /* APIEndpoint.swift */,
				80B5E16C2A3EEA4F00C40B76 /* APIError.swift */,
			);
			path = Network;
			sourceTree = "<group>";
		};
		80B5E17B2A3F06C300C40B76 /* Respositories */ = {
			isa = PBXGroup;
			children = (
				80B5E16E2A3EEA6B00C40B76 /* MovieRepository.swift */,
			);
			path = Respositories;
			sourceTree = "<group>";
		};
/* End PBXGroup section */

/* Begin PBXNativeTarget section */
		80B5E14E2A3EE90B00C40B76 /* PopularMovies */ = {
			isa = PBXNativeTarget;
			buildConfigurationList = 80B5E15D2A3EE90C00C40B76 /* Build configuration list for PBXNativeTarget "PopularMovies" */;
			buildPhases = (
				80B5E14B2A3EE90B00C40B76 /* Sources */,
				80B5E14C2A3EE90B00C40B76 /* Frameworks */,
				80B5E14D2A3EE90B00C40B76 /* Resources */,
			);
			buildRules = (
			);
			dependencies = (
			);
			name = PopularMovies;
			packageProductDependencies = (
				80B5E1792A3EEBB900C40B76 /* SDWebImageSwiftUI */,
			);
			productName = "SwiftUI-MovieDB-App";
			productReference = 80B5E14F2A3EE90B00C40B76 /* PopularMovies.app */;
			productType = "com.apple.product-type.application";
		};
/* End PBXNativeTarget section */

/* Begin PBXProject section */
		80B5E1472A3EE90B00C40B76 /* Project object */ = {
			isa = PBXProject;
			attributes = {
				BuildIndependentTargetsInParallel = 1;
				LastSwiftUpdateCheck = 1430;
				LastUpgradeCheck = 1430;
				TargetAttributes = {
					80B5E14E2A3EE90B00C40B76 = {
						CreatedOnToolsVersion = 14.3.1;
					};
				};
			};
			buildConfigurationList = 80B5E14A2A3EE90B00C40B76 /* Build configuration list for PBXProject "PopularMovies" */;
			compatibilityVersion = "Xcode 14.0";
			developmentRegion = en;
			hasScannedForEncodings = 0;
			knownRegions = (
				en,
				Base,
			);
			mainGroup = 80B5E1462A3EE90B00C40B76;
			packageReferences = (
				80B5E1782A3EEBB900C40B76 /* XCRemoteSwiftPackageReference "SDWebImageSwiftUI" */,
			);
			productRefGroup = 80B5E1502A3EE90B00C40B76 /* Products */;
			projectDirPath = "";
			projectRoot = "";
			targets = (
				80B5E14E2A3EE90B00C40B76 /* PopularMovies */,
			);
		};
/* End PBXProject section */

/* Begin PBXResourcesBuildPhase section */
		80B5E14D2A3EE90B00C40B76 /* Resources */ = {
			isa = PBXResourcesBuildPhase;
			buildActionMask = 2147483647;
			files = (
				80B5E15A2A3EE90C00C40B76 /* Preview Assets.xcassets in Resources */,
				80B5E1572A3EE90C00C40B76 /* Assets.xcassets in Resources */,
			);
			runOnlyForDeploymentPostprocessing = 0;
		};
/* End PBXResourcesBuildPhase section */

/* Begin PBXSourcesBuildPhase section */
		80B5E14B2A3EE90B00C40B76 /* Sources */ = {
			isa = PBXSourcesBuildPhase;
			buildActionMask = 2147483647;
			files = (
				80B5E1672A3EE9C300C40B76 /* URL+QueryParams.swift in Sources */,
				80B5E1772A3EEB1600C40B76 /* MovieDetailsView.swift in Sources */,
				80B5E1532A3EE90B00C40B76 /* SwiftUI_MovieDB_App.swift in Sources */,
				80B5E1692A3EE9FB00C40B76 /* MovieAPIService.swift in Sources */,
				80B5E16F2A3EEA6B00C40B76 /* MovieRepository.swift in Sources */,
				80B5E16B2A3EEA3500C40B76 /* APIEndpoint.swift in Sources */,
				80B5E1712A3EEAB200C40B76 /* Movie.swift in Sources */,
				80B5E1752A3EEB0B00C40B76 /* MovieListView.swift in Sources */,
				80B5E16D2A3EEA4F00C40B76 /* APIError.swift in Sources */,
				80B5E1732A3EEAEF00C40B76 /* MovieListViewModel.swift in Sources */,
			);
			runOnlyForDeploymentPostprocessing = 0;
		};
/* End PBXSourcesBuildPhase section */

/* Begin XCBuildConfiguration section */
		80B5E15B2A3EE90C00C40B76 /* Debug */ = {
			isa = XCBuildConfiguration;
			buildSettings = {
				ALWAYS_SEARCH_USER_PATHS = NO;
				CLANG_ANALYZER_NONNULL = YES;
				CLANG_ANALYZER_NUMBER_OBJECT_CONVERSION = YES_AGGRESSIVE;
				CLANG_CXX_LANGUAGE_STANDARD = "gnu++20";
				CLANG_ENABLE_MODULES = YES;
				CLANG_ENABLE_OBJC_ARC = YES;
				CLANG_ENABLE_OBJC_WEAK = YES;
				CLANG_WARN_BLOCK_CAPTURE_AUTORELEASING = YES;
				CLANG_WARN_BOOL_CONVERSION = YES;
				CLANG_WARN_COMMA = YES;
				CLANG_WARN_CONSTANT_CONVERSION = YES;
				CLANG_WARN_DEPRECATED_OBJC_IMPLEMENTATIONS = YES;
				CLANG_WARN_DIRECT_OBJC_ISA_USAGE = YES_ERROR;
				CLANG_WARN_DOCUMENTATION_COMMENTS = YES;
				CLANG_WARN_EMPTY_BODY = YES;
				CLANG_WARN_ENUM_CONVERSION = YES;
				CLANG_WARN_INFINITE_RECURSION = YES;
				CLANG_WARN_INT_CONVERSION = YES;
				CLANG_WARN_NON_LITERAL_NULL_CONVERSION = YES;
				CLANG_WARN_OBJC_IMPLICIT_RETAIN_SELF = YES;
				CLANG_WARN_OBJC_LITERAL_CONVERSION = YES;
				CLANG_WARN_OBJC_ROOT_CLASS = YES_ERROR;
				CLANG_WARN_QUOTED_INCLUDE_IN_FRAMEWORK_HEADER = YES;
				CLANG_WARN_RANGE_LOOP_ANALYSIS = YES;
				CLANG_WARN_STRICT_PROTOTYPES = YES;
				CLANG_WARN_SUSPICIOUS_MOVE = YES;
				CLANG_WARN_UNGUARDED_AVAILABILITY = YES_AGGRESSIVE;
				CLANG_WARN_UNREACHABLE_CODE = YES;
				CLANG_WARN__DUPLICATE_METHOD_MATCH = YES;
				COPY_PHASE_STRIP = NO;
				DEBUG_INFORMATION_FORMAT = dwarf;
				ENABLE_STRICT_OBJC_MSGSEND = YES;
				ENABLE_TESTABILITY = YES;
				GCC_C_LANGUAGE_STANDARD = gnu11;
				GCC_DYNAMIC_NO_PIC = NO;
				GCC_NO_COMMON_BLOCKS = YES;
				GCC_OPTIMIZATION_LEVEL = 0;
				GCC_PREPROCESSOR_DEFINITIONS = (
					"DEBUG=1",
					"$(inherited)",
				);
				GCC_WARN_64_TO_32_BIT_CONVERSION = YES;
				GCC_WARN_ABOUT_RETURN_TYPE = YES_ERROR;
				GCC_WARN_UNDECLARED_SELECTOR = YES;
				GCC_WARN_UNINITIALIZED_AUTOS = YES_AGGRESSIVE;
				GCC_WARN_UNUSED_FUNCTION = YES;
				GCC_WARN_UNUSED_VARIABLE = YES;
				IPHONEOS_DEPLOYMENT_TARGET = 16.4;
				MTL_ENABLE_DEBUG_INFO = INCLUDE_SOURCE;
				MTL_FAST_MATH = YES;
				ONLY_ACTIVE_ARCH = YES;
				SDKROOT = iphoneos;
				SWIFT_ACTIVE_COMPILATION_CONDITIONS = DEBUG;
				SWIFT_OPTIMIZATION_LEVEL = "-Onone";
			};
			name = Debug;
		};
		80B5E15C2A3EE90C00C40B76 /* Release */ = {
			isa = XCBuildConfiguration;
			buildSettings = {
				ALWAYS_SEARCH_USER_PATHS = NO;
				CLANG_ANALYZER_NONNULL = YES;
				CLANG_ANALYZER_NUMBER_OBJECT_CONVERSION = YES_AGGRESSIVE;
				CLANG_CXX_LANGUAGE_STANDARD = "gnu++20";
				CLANG_ENABLE_MODULES = YES;
				CLANG_ENABLE_OBJC_ARC = YES;
				CLANG_ENABLE_OBJC_WEAK = YES;
				CLANG_WARN_BLOCK_CAPTURE_AUTORELEASING = YES;
				CLANG_WARN_BOOL_CONVERSION = YES;
				CLANG_WARN_COMMA = YES;
				CLANG_WARN_CONSTANT_CONVERSION = YES;
				CLANG_WARN_DEPRECATED_OBJC_IMPLEMENTATIONS = YES;
				CLANG_WARN_DIRECT_OBJC_ISA_USAGE = YES_ERROR;
				CLANG_WARN_DOCUMENTATION_COMMENTS = YES;
				CLANG_WARN_EMPTY_BODY = YES;
				CLANG_WARN_ENUM_CONVERSION = YES;
				CLANG_WARN_INFINITE_RECURSION = YES;
				CLANG_WARN_INT_CONVERSION = YES;
				CLANG_WARN_NON_LITERAL_NULL_CONVERSION = YES;
				CLANG_WARN_OBJC_IMPLICIT_RETAIN_SELF = YES;
				CLANG_WARN_OBJC_LITERAL_CONVERSION = YES;
				CLANG_WARN_OBJC_ROOT_CLASS = YES_ERROR;
				CLANG_WARN_QUOTED_INCLUDE_IN_FRAMEWORK_HEADER = YES;
				CLANG_WARN_RANGE_LOOP_ANALYSIS = YES;
				CLANG_WARN_STRICT_PROTOTYPES = YES;
				CLANG_WARN_SUSPICIOUS_MOVE = YES;
				CLANG_WARN_UNGUARDED_AVAILABILITY = YES_AGGRESSIVE;
				CLANG_WARN_UNREACHABLE_CODE = YES;
				CLANG_WARN__DUPLICATE_METHOD_MATCH = YES;
				COPY_PHASE_STRIP = NO;
				DEBUG_INFORMATION_FORMAT = "dwarf-with-dsym";
				ENABLE_NS_ASSERTIONS = NO;
				ENABLE_STRICT_OBJC_MSGSEND = YES;
				GCC_C_LANGUAGE_STANDARD = gnu11;
				GCC_NO_COMMON_BLOCKS = YES;
				GCC_WARN_64_TO_32_BIT_CONVERSION = YES;
				GCC_WARN_ABOUT_RETURN_TYPE = YES_ERROR;
				GCC_WARN_UNDECLARED_SELECTOR = YES;
				GCC_WARN_UNINITIALIZED_AUTOS = YES_AGGRESSIVE;
				GCC_WARN_UNUSED_FUNCTION = YES;
				GCC_WARN_UNUSED_VARIABLE = YES;
				IPHONEOS_DEPLOYMENT_TARGET = 16.4;
				MTL_ENABLE_DEBUG_INFO = NO;
				MTL_FAST_MATH = YES;
				SDKROOT = iphoneos;
				SWIFT_COMPILATION_MODE = wholemodule;
				SWIFT_OPTIMIZATION_LEVEL = "-O";
				VALIDATE_PRODUCT = YES;
			};
			name = Release;
		};
		80B5E15E2A3EE90C00C40B76 /* Debug */ = {
			isa = XCBuildConfiguration;
			buildSettings = {
				ASSETCATALOG_COMPILER_APPICON_NAME = AppIcon;
				ASSETCATALOG_COMPILER_GLOBAL_ACCENT_COLOR_NAME = AccentColor;
				CODE_SIGN_STYLE = Automatic;
				CURRENT_PROJECT_VERSION = 1;
				DEVELOPMENT_ASSET_PATHS = "\"PopularMovies/Preview Content\"";
				DEVELOPMENT_TEAM = 4QK97U7ZUZ;
				ENABLE_PREVIEWS = YES;
				GENERATE_INFOPLIST_FILE = YES;
				INFOPLIST_FILE = PopularMovies/Info.plist;
				INFOPLIST_KEY_UIApplicationSceneManifest_Generation = YES;
				INFOPLIST_KEY_UIApplicationSupportsIndirectInputEvents = YES;
				INFOPLIST_KEY_UILaunchScreen_Generation = YES;
				INFOPLIST_KEY_UISupportedInterfaceOrientations_iPad = "UIInterfaceOrientationPortrait UIInterfaceOrientationPortraitUpsideDown UIInterfaceOrientationLandscapeLeft UIInterfaceOrientationLandscapeRight";
				INFOPLIST_KEY_UISupportedInterfaceOrientations_iPhone = "UIInterfaceOrientationPortrait UIInterfaceOrientationLandscapeLeft UIInterfaceOrientationLandscapeRight";
				LD_RUNPATH_SEARCH_PATHS = (
					"$(inherited)",
					"@executable_path/Frameworks",
				);
				MARKETING_VERSION = 1.0;
				PRODUCT_BUNDLE_IDENTIFIER = com.pradeep.moviedbapp;
				PRODUCT_NAME = "$(TARGET_NAME)";
				SWIFT_EMIT_LOC_STRINGS = YES;
				SWIFT_VERSION = 5.0;
				TARGETED_DEVICE_FAMILY = "1,2";
			};
			name = Debug;
		};
		80B5E15F2A3EE90C00C40B76 /* Release */ = {
			isa = XCBuildConfiguration;
			buildSettings = {
				ASSETCATALOG_COMPILER_APPICON_NAME = AppIcon;
				ASSETCATALOG_COMPILER_GLOBAL_ACCENT_COLOR_NAME = AccentColor;
				CODE_SIGN_STYLE = Automatic;
				CURRENT_PROJECT_VERSION = 1;
				DEVELOPMENT_ASSET_PATHS = "\"PopularMovies/Preview Content\"";
				DEVELOPMENT_TEAM = 4QK97U7ZUZ;
				ENABLE_PREVIEWS = YES;
				GENERATE_INFOPLIST_FILE = YES;
				INFOPLIST_FILE = PopularMovies/Info.plist;
				INFOPLIST_KEY_UIApplicationSceneManifest_Generation = YES;
				INFOPLIST_KEY_UIApplicationSupportsIndirectInputEvents = YES;
				INFOPLIST_KEY_UILaunchScreen_Generation = YES;
				INFOPLIST_KEY_UISupportedInterfaceOrientations_iPad = "UIInterfaceOrientationPortrait UIInterfaceOrientationPortraitUpsideDown UIInterfaceOrientationLandscapeLeft UIInterfaceOrientationLandscapeRight";
				INFOPLIST_KEY_UISupportedInterfaceOrientations_iPhone = "UIInterfaceOrientationPortrait UIInterfaceOrientationLandscapeLeft UIInterfaceOrientationLandscapeRight";
				LD_RUNPATH_SEARCH_PATHS = (
					"$(inherited)",
					"@executable_path/Frameworks",
				);
				MARKETING_VERSION = 1.0;
				PRODUCT_BUNDLE_IDENTIFIER = com.pradeep.moviedbapp;
				PRODUCT_NAME = "$(TARGET_NAME)";
				SWIFT_EMIT_LOC_STRINGS = YES;
				SWIFT_VERSION = 5.0;
				TARGETED_DEVICE_FAMILY = "1,2";
			};
			name = Release;
		};
/* End XCBuildConfiguration section */

/* Begin XCConfigurationList section */
		80B5E14A2A3EE90B00C40B76 /* Build configuration list for PBXProject "PopularMovies" */ = {
			isa = XCConfigurationList;
			buildConfigurations = (
				80B5E15B2A3EE90C00C40B76 /* Debug */,
				80B5E15C2A3EE90C00C40B76 /* Release */,
			);
			defaultConfigurationIsVisible = 0;
			defaultConfigurationName = Release;
		};
		80B5E15D2A3EE90C00C40B76 /* Build configuration list for PBXNativeTarget "PopularMovies" */ = {
			isa = XCConfigurationList;
			buildConfigurations = (
				80B5E15E2A3EE90C00C40B76 /* Debug */,
				80B5E15F2A3EE90C00C40B76 /* Release */,
			);
			defaultConfigurationIsVisible = 0;
			defaultConfigurationName = Release;
		};
/* End XCConfigurationList section */

/* Begin XCRemoteSwiftPackageReference section */
		80B5E1782A3EEBB900C40B76 /* XCRemoteSwiftPackageReference "SDWebImageSwiftUI" */ = {
			isa = XCRemoteSwiftPackageReference;
			repositoryURL = "https://github.com/SDWebImage/SDWebImageSwiftUI";
			requirement = {
				kind = upToNextMajorVersion;
				minimumVersion = 2.0.0;
			};
		};
/* End XCRemoteSwiftPackageReference section */

/* Begin XCSwiftPackageProductDependency section */
		80B5E1792A3EEBB900C40B76 /* SDWebImageSwiftUI */ = {
			isa = XCSwiftPackageProductDependency;
			package = 80B5E1782A3EEBB900C40B76 /* XCRemoteSwiftPackageReference "SDWebImageSwiftUI" */;
			productName = SDWebImageSwiftUI;
		};
/* End XCSwiftPackageProductDependency section */
	};
	rootObject = 80B5E1472A3EE90B00C40B76 /* Project object */;
}
